
Microsoft Visual Studio Solution File, Format Version 12.00
# Visual Studio Version 16
VisualStudioVersion = 16.0.29209.62
MinimumVisualStudioVersion = 10.0.40219.1
Project("{FAE04EC0-301F-11D3-BF4B-00C04F79EFBC}") = "dojopuzzes", "dojopuzzes\dojopuzzes.csproj", "{2BD0E06F-540A-41AD-9C7E-D03B0CBA3E2C}"
EndProject
Global
	GlobalSection(SolutionConfigurationPlatforms) = preSolution
		Debug|Any CPU = Debug|Any CPU
		Release|Any CPU = Release|Any CPU
	EndGlobalSection
	GlobalSection(ProjectConfigurationPlatforms) = postSolution
		{2BD0E06F-540A-41AD-9C7E-D03B0CBA3E2C}.Debug|Any CPU.ActiveCfg = Debug|Any CPU
		{2BD0E06F-540A-41AD-9C7E-D03B0CBA3E2C}.Debug|Any CPU.Build.0 = Debug|Any CPU
		{2BD0E06F-540A-41AD-9C7E-D03B0CBA3E2C}.Release|Any CPU.ActiveCfg = Release|Any CPU
		{2BD0E06F-540A-41AD-9C7E-D03B0CBA3E2C}.Release|Any CPU.Build.0 = Release|Any CPU
	EndGlobalSection
	GlobalSection(SolutionProperties) = preSolution
		HideSolutionNode = FALSE
	EndGlobalSection
	GlobalSection(ExtensibilityGlobals) = postSolution
		SolutionGuid = {83F15BC1-93CC-47A2-B89E-939FE685DE2D}
	EndGlobalSection
EndGlobal
